
Microsoft Visual Studio Solution File, Format Version 12.00
# Visual Studio 15
VisualStudioVersion = 15.0.27130.2010
MinimumVisualStudioVersion = 10.0.40219.1
Project("{FAE04EC0-301F-11D3-BF4B-00C04F79EFBC}") = "Dynamics365 Customizing Downloader", "Dynamics365 Customizing Downloader\Dynamics365 Customizing Downloader.csproj", "{F13C631B-FFEF-4C60-AAE0-AC2BF7C013A9}"
EndProject
Project("{FAE04EC0-301F-11D3-BF4B-00C04F79EFBC}") = "UnitTest", "UnitTest\UnitTest.csproj", "{D9C51BC7-18DF-4EB9-BC6F-A20BFEEFFAE2}"
EndProject
Project("{FAE04EC0-301F-11D3-BF4B-00C04F79EFBC}") = "Dynamics365 Customizing Download CI Client", "Dynamics365 Customizing Download CI Client\Dynamics365 Customizing Download CI Client.csproj", "{127D25E2-C6A3-4362-93C5-E9B58EA913F7}"
EndProject
Project("{FAE04EC0-301F-11D3-BF4B-00C04F79EFBC}") = "Dynamics365 Customizing Downloader Core", "Dynamics365 Customizing Downloader Core\Dynamics365 Customizing Downloader Core.csproj", "{4376E28A-8075-4E9B-9A03-5154865C9971}"
EndProject
Project("{2150E333-8FDC-42A3-9474-1A3956D46DE8}") = "SonarQube", "SonarQube", "{35700CFE-9BCC-4529-B506-1310E01AE5DB}"
	ProjectSection(SolutionItems) = preProject
		SonarQube\Dynamics365CustomizingDownloaderCSharp.ruleset = SonarQube\Dynamics365CustomizingDownloaderCSharp.ruleset
		SonarQube\SolutionBinding.sqconfig = SonarQube\SolutionBinding.sqconfig
	EndProjectSection
EndProject
Global
	GlobalSection(SolutionConfigurationPlatforms) = preSolution
		Debug|Any CPU = Debug|Any CPU
		Release|Any CPU = Release|Any CPU
	EndGlobalSection
	GlobalSection(ProjectConfigurationPlatforms) = postSolution
		{F13C631B-FFEF-4C60-AAE0-AC2BF7C013A9}.Debug|Any CPU.ActiveCfg = Debug|Any CPU
		{F13C631B-FFEF-4C60-AAE0-AC2BF7C013A9}.Debug|Any CPU.Build.0 = Debug|Any CPU
		{F13C631B-FFEF-4C60-AAE0-AC2BF7C013A9}.Release|Any CPU.ActiveCfg = Release|Any CPU
		{F13C631B-FFEF-4C60-AAE0-AC2BF7C013A9}.Release|Any CPU.Build.0 = Release|Any CPU
		{D9C51BC7-18DF-4EB9-BC6F-A20BFEEFFAE2}.Debug|Any CPU.ActiveCfg = Debug|Any CPU
		{D9C51BC7-18DF-4EB9-BC6F-A20BFEEFFAE2}.Debug|Any CPU.Build.0 = Debug|Any CPU
		{D9C51BC7-18DF-4EB9-BC6F-A20BFEEFFAE2}.Release|Any CPU.ActiveCfg = Release|Any CPU
		{D9C51BC7-18DF-4EB9-BC6F-A20BFEEFFAE2}.Release|Any CPU.Build.0 = Release|Any CPU
		{127D25E2-C6A3-4362-93C5-E9B58EA913F7}.Debug|Any CPU.ActiveCfg = Debug|Any CPU
		{127D25E2-C6A3-4362-93C5-E9B58EA913F7}.Debug|Any CPU.Build.0 = Debug|Any CPU
		{127D25E2-C6A3-4362-93C5-E9B58EA913F7}.Release|Any CPU.ActiveCfg = Release|Any CPU
		{127D25E2-C6A3-4362-93C5-E9B58EA913F7}.Release|Any CPU.Build.0 = Release|Any CPU
		{4376E28A-8075-4E9B-9A03-5154865C9971}.Debug|Any CPU.ActiveCfg = Debug|Any CPU
		{4376E28A-8075-4E9B-9A03-5154865C9971}.Debug|Any CPU.Build.0 = Debug|Any CPU
		{4376E28A-8075-4E9B-9A03-5154865C9971}.Release|Any CPU.ActiveCfg = Release|Any CPU
		{4376E28A-8075-4E9B-9A03-5154865C9971}.Release|Any CPU.Build.0 = Release|Any CPU
	EndGlobalSection
	GlobalSection(SolutionProperties) = preSolution
		HideSolutionNode = FALSE
	EndGlobalSection
	GlobalSection(ExtensibilityGlobals) = postSolution
		SolutionGuid = {DB60DC65-856A-4B6A-964A-AD9FFC3C4687}
	EndGlobalSection
EndGlobal
