
Microsoft Visual Studio Solution File, Format Version 12.00
# Visual Studio Version 16
VisualStudioVersion = 16.0.28315.86
MinimumVisualStudioVersion = 10.0.40219.1
Project("{2150E333-8FDC-42A3-9474-1A3956D46DE8}") = "SonarQube", "SonarQube", "{35700CFE-9BCC-4529-B506-1310E01AE5DB}"
	ProjectSection(SolutionItems) = preProject
		SonarQube\Dynamics365CustomizingDownloaderCSharp.ruleset = SonarQube\Dynamics365CustomizingDownloaderCSharp.ruleset
		SonarQube\SolutionBinding.sqconfig = SonarQube\SolutionBinding.sqconfig
	EndProjectSection
EndProject
Project("{9A19103F-16F7-4668-BE54-9A1E7A4F7556}") = "Dynamics365-Customizing-Downloader-WpfCore", "Dynamics365CustomizingDownloader\Dynamics365-Customizing-Downloader-WpfCore\Dynamics365-Customizing-Downloader-WpfCore.csproj", "{43B59C8F-D610-4124-9DFE-A18D094CE05F}"
EndProject
Project("{9A19103F-16F7-4668-BE54-9A1E7A4F7556}") = "Dynamics365CustomizingDownloader.Core", "netstandard\Dynamics365CustomizingDownloader.Core\Dynamics365CustomizingDownloader.Core.csproj", "{4ED6F745-1D6E-4197-83E6-DE9E6FABB4B3}"
EndProject
Project("{9A19103F-16F7-4668-BE54-9A1E7A4F7556}") = "UnitTest.Core", "netstandard\UnitTest.Core\UnitTest.Core.csproj", "{0908F345-5C8D-4044-A78F-CA5F023074CA}"
EndProject
Global
	GlobalSection(SolutionConfigurationPlatforms) = preSolution
		Debug|Any CPU = Debug|Any CPU
		Debug|ARM = Debug|ARM
		Debug|x64 = Debug|x64
		Debug|x86 = Debug|x86
		Release|Any CPU = Release|Any CPU
		Release|ARM = Release|ARM
		Release|x64 = Release|x64
		Release|x86 = Release|x86
	EndGlobalSection
	GlobalSection(ProjectConfigurationPlatforms) = postSolution
		{43B59C8F-D610-4124-9DFE-A18D094CE05F}.Debug|Any CPU.ActiveCfg = Debug|Any CPU
		{43B59C8F-D610-4124-9DFE-A18D094CE05F}.Debug|Any CPU.Build.0 = Debug|Any CPU
		{43B59C8F-D610-4124-9DFE-A18D094CE05F}.Debug|ARM.ActiveCfg = Debug|Any CPU
		{43B59C8F-D610-4124-9DFE-A18D094CE05F}.Debug|ARM.Build.0 = Debug|Any CPU
		{43B59C8F-D610-4124-9DFE-A18D094CE05F}.Debug|x64.ActiveCfg = Debug|Any CPU
		{43B59C8F-D610-4124-9DFE-A18D094CE05F}.Debug|x64.Build.0 = Debug|Any CPU
		{43B59C8F-D610-4124-9DFE-A18D094CE05F}.Debug|x86.ActiveCfg = Debug|Any CPU
		{43B59C8F-D610-4124-9DFE-A18D094CE05F}.Debug|x86.Build.0 = Debug|Any CPU
		{43B59C8F-D610-4124-9DFE-A18D094CE05F}.Release|Any CPU.ActiveCfg = Release|Any CPU
		{43B59C8F-D610-4124-9DFE-A18D094CE05F}.Release|Any CPU.Build.0 = Release|Any CPU
		{43B59C8F-D610-4124-9DFE-A18D094CE05F}.Release|ARM.ActiveCfg = Release|Any CPU
		{43B59C8F-D610-4124-9DFE-A18D094CE05F}.Release|ARM.Build.0 = Release|Any CPU
		{43B59C8F-D610-4124-9DFE-A18D094CE05F}.Release|x64.ActiveCfg = Release|Any CPU
		{43B59C8F-D610-4124-9DFE-A18D094CE05F}.Release|x64.Build.0 = Release|Any CPU
		{43B59C8F-D610-4124-9DFE-A18D094CE05F}.Release|x86.ActiveCfg = Release|Any CPU
		{43B59C8F-D610-4124-9DFE-A18D094CE05F}.Release|x86.Build.0 = Release|Any CPU
		{4ED6F745-1D6E-4197-83E6-DE9E6FABB4B3}.Debug|Any CPU.ActiveCfg = Debug|Any CPU
		{4ED6F745-1D6E-4197-83E6-DE9E6FABB4B3}.Debug|Any CPU.Build.0 = Debug|Any CPU
		{4ED6F745-1D6E-4197-83E6-DE9E6FABB4B3}.Debug|ARM.ActiveCfg = Debug|Any CPU
		{4ED6F745-1D6E-4197-83E6-DE9E6FABB4B3}.Debug|ARM.Build.0 = Debug|Any CPU
		{4ED6F745-1D6E-4197-83E6-DE9E6FABB4B3}.Debug|x64.ActiveCfg = Debug|Any CPU
		{4ED6F745-1D6E-4197-83E6-DE9E6FABB4B3}.Debug|x64.Build.0 = Debug|Any CPU
		{4ED6F745-1D6E-4197-83E6-DE9E6FABB4B3}.Debug|x86.ActiveCfg = Debug|Any CPU
		{4ED6F745-1D6E-4197-83E6-DE9E6FABB4B3}.Debug|x86.Build.0 = Debug|Any CPU
		{4ED6F745-1D6E-4197-83E6-DE9E6FABB4B3}.Release|Any CPU.ActiveCfg = Release|Any CPU
		{4ED6F745-1D6E-4197-83E6-DE9E6FABB4B3}.Release|Any CPU.Build.0 = Release|Any CPU
		{4ED6F745-1D6E-4197-83E6-DE9E6FABB4B3}.Release|ARM.ActiveCfg = Release|Any CPU
		{4ED6F745-1D6E-4197-83E6-DE9E6FABB4B3}.Release|ARM.Build.0 = Release|Any CPU
		{4ED6F745-1D6E-4197-83E6-DE9E6FABB4B3}.Release|x64.ActiveCfg = Release|Any CPU
		{4ED6F745-1D6E-4197-83E6-DE9E6FABB4B3}.Release|x64.Build.0 = Release|Any CPU
		{4ED6F745-1D6E-4197-83E6-DE9E6FABB4B3}.Release|x86.ActiveCfg = Release|Any CPU
		{4ED6F745-1D6E-4197-83E6-DE9E6FABB4B3}.Release|x86.Build.0 = Release|Any CPU
		{0908F345-5C8D-4044-A78F-CA5F023074CA}.Debug|Any CPU.ActiveCfg = Debug|Any CPU
		{0908F345-5C8D-4044-A78F-CA5F023074CA}.Debug|Any CPU.Build.0 = Debug|Any CPU
		{0908F345-5C8D-4044-A78F-CA5F023074CA}.Debug|ARM.ActiveCfg = Debug|Any CPU
		{0908F345-5C8D-4044-A78F-CA5F023074CA}.Debug|ARM.Build.0 = Debug|Any CPU
		{0908F345-5C8D-4044-A78F-CA5F023074CA}.Debug|x64.ActiveCfg = Debug|Any CPU
		{0908F345-5C8D-4044-A78F-CA5F023074CA}.Debug|x64.Build.0 = Debug|Any CPU
		{0908F345-5C8D-4044-A78F-CA5F023074CA}.Debug|x86.ActiveCfg = Debug|Any CPU
		{0908F345-5C8D-4044-A78F-CA5F023074CA}.Debug|x86.Build.0 = Debug|Any CPU
		{0908F345-5C8D-4044-A78F-CA5F023074CA}.Release|Any CPU.ActiveCfg = Release|Any CPU
		{0908F345-5C8D-4044-A78F-CA5F023074CA}.Release|Any CPU.Build.0 = Release|Any CPU
		{0908F345-5C8D-4044-A78F-CA5F023074CA}.Release|ARM.ActiveCfg = Release|Any CPU
		{0908F345-5C8D-4044-A78F-CA5F023074CA}.Release|ARM.Build.0 = Release|Any CPU
		{0908F345-5C8D-4044-A78F-CA5F023074CA}.Release|x64.ActiveCfg = Release|Any CPU
		{0908F345-5C8D-4044-A78F-CA5F023074CA}.Release|x64.Build.0 = Release|Any CPU
		{0908F345-5C8D-4044-A78F-CA5F023074CA}.Release|x86.ActiveCfg = Release|Any CPU
		{0908F345-5C8D-4044-A78F-CA5F023074CA}.Release|x86.Build.0 = Release|Any CPU
	EndGlobalSection
	GlobalSection(SolutionProperties) = preSolution
		HideSolutionNode = FALSE
	EndGlobalSection
	GlobalSection(ExtensibilityGlobals) = postSolution
		SolutionGuid = {DB60DC65-856A-4B6A-964A-AD9FFC3C4687}
	EndGlobalSection
EndGlobal
